PODS:
  - Flutter (1.0.0)
  - hottie (0.0.1):
    - Flutter

DEPENDENCIES:
  - Flutter (from `Flutter`)
  - hottie (from `.symlinks/plugins/hottie/ios`)

EXTERNAL SOURCES:
  Flutter:
    :path: Flutter
  hottie:
    :path: ".symlinks/plugins/hottie/ios"

SPEC CHECKSUMS:
  Flutter: 0e3d915762c693b495b44d77113d4970485de6ec
  hottie: 2996660938e23b60f014a25514fd4ae2467409ef

PODFILE CHECKSUM: aafe91acc616949ddb318b77800a7f51bffa2a4c

COCOAPODS: 1.9.1
