PODS:
  - FlutterMacOS (1.0.0)
  - hottie (0.0.1):
    - FlutterMacOS

DEPENDENCIES:
  - FlutterMacOS (from `Flutter/ephemeral`)
  - hottie (from `Flutter/ephemeral/.symlinks/plugins/hottie/macos`)

EXTERNAL SOURCES:
  FlutterMacOS:
    :path: Flutter/ephemeral
  hottie:
    :path: Flutter/ephemeral/.symlinks/plugins/hottie/macos

SPEC CHECKSUMS:
  FlutterMacOS: d0db08ddef1a9af05a5ec4b724367152bb0500b1
  hottie: 82c851aa3131fcfc7b8e97bf44704970e062a145

PODFILE CHECKSUM: 54d867c82ac51cbd61b565781b9fada492027009

COCOAPODS: 1.16.2
